
Microsoft Visual Studio Solution File, Format Version 12.00
Project("{FAE04EC0-301F-11D3-BF4B-00C04F79EFBC}") = "CRUDLesson", "CRUDLesson\CRUDLesson.csproj", "{5E1E1964-3F27-4EB6-8FE6-3F9A950F665D}"
EndProject
Project("{2150E333-8FDC-42A3-9474-1A3956D46DE8}") = "DAL", "DAL", "{B7BB01F2-A552-4C21-B01D-664F402A2E68}"
EndProject
Project("{2150E333-8FDC-42A3-9474-1A3956D46DE8}") = "Domain", "Domain", "{245D181B-92DC-4C58-AB3F-D49271DB1376}"
EndProject
Project("{FAE04EC0-301F-11D3-BF4B-00C04F79EFBC}") = "CRUDLesson.DAL", "CRUDLesson.DAL\CRUDLesson.DAL.csproj", "{6D3B74EA-A52B-4970-9CCB-BEFD996757C5}"
EndProject
Project("{FAE04EC0-301F-11D3-BF4B-00C04F79EFBC}") = "CRUSLesson.Domain", "CRUSLesson.Domain\CRUSLesson.Domain.csproj", "{CE36051C-7FCF-4990-9541-9761FE10C956}"
EndProject
Project("{2150E333-8FDC-42A3-9474-1A3956D46DE8}") = "Service", "Service", "{3DA2B0FD-D1CC-4FAB-865D-90ADFA815127}"
EndProject
Project("{FAE04EC0-301F-11D3-BF4B-00C04F79EFBC}") = "CRUDLesson.Service", "CRUDLesson.Service\CRUDLesson.Service.csproj", "{5E7C0D9F-6008-47EB-ADAC-3C3FFE606E4B}"
EndProject
Global
	GlobalSection(SolutionConfigurationPlatforms) = preSolution
		Debug|Any CPU = Debug|Any CPU
		Release|Any CPU = Release|Any CPU
	EndGlobalSection
	GlobalSection(ProjectConfigurationPlatforms) = postSolution
		{5E1E1964-3F27-4EB6-8FE6-3F9A950F665D}.Debug|Any CPU.ActiveCfg = Debug|Any CPU
		{5E1E1964-3F27-4EB6-8FE6-3F9A950F665D}.Debug|Any CPU.Build.0 = Debug|Any CPU
		{5E1E1964-3F27-4EB6-8FE6-3F9A950F665D}.Release|Any CPU.ActiveCfg = Release|Any CPU
		{5E1E1964-3F27-4EB6-8FE6-3F9A950F665D}.Release|Any CPU.Build.0 = Release|Any CPU
		{6D3B74EA-A52B-4970-9CCB-BEFD996757C5}.Debug|Any CPU.ActiveCfg = Debug|Any CPU
		{6D3B74EA-A52B-4970-9CCB-BEFD996757C5}.Debug|Any CPU.Build.0 = Debug|Any CPU
		{6D3B74EA-A52B-4970-9CCB-BEFD996757C5}.Release|Any CPU.ActiveCfg = Release|Any CPU
		{6D3B74EA-A52B-4970-9CCB-BEFD996757C5}.Release|Any CPU.Build.0 = Release|Any CPU
		{CE36051C-7FCF-4990-9541-9761FE10C956}.Debug|Any CPU.ActiveCfg = Debug|Any CPU
		{CE36051C-7FCF-4990-9541-9761FE10C956}.Debug|Any CPU.Build.0 = Debug|Any CPU
		{CE36051C-7FCF-4990-9541-9761FE10C956}.Release|Any CPU.ActiveCfg = Release|Any CPU
		{CE36051C-7FCF-4990-9541-9761FE10C956}.Release|Any CPU.Build.0 = Release|Any CPU
		{5E7C0D9F-6008-47EB-ADAC-3C3FFE606E4B}.Debug|Any CPU.ActiveCfg = Debug|Any CPU
		{5E7C0D9F-6008-47EB-ADAC-3C3FFE606E4B}.Debug|Any CPU.Build.0 = Debug|Any CPU
		{5E7C0D9F-6008-47EB-ADAC-3C3FFE606E4B}.Release|Any CPU.ActiveCfg = Release|Any CPU
		{5E7C0D9F-6008-47EB-ADAC-3C3FFE606E4B}.Release|Any CPU.Build.0 = Release|Any CPU
	EndGlobalSection
	GlobalSection(NestedProjects) = preSolution
		{6D3B74EA-A52B-4970-9CCB-BEFD996757C5} = {B7BB01F2-A552-4C21-B01D-664F402A2E68}
		{CE36051C-7FCF-4990-9541-9761FE10C956} = {245D181B-92DC-4C58-AB3F-D49271DB1376}
		{5E7C0D9F-6008-47EB-ADAC-3C3FFE606E4B} = {3DA2B0FD-D1CC-4FAB-865D-90ADFA815127}
	EndGlobalSection
EndGlobal
